
Microsoft Visual Studio Solution File, Format Version 12.00
# Visual Studio Version 17
VisualStudioVersion = 17.14.36414.22
MinimumVisualStudioVersion = 10.0.40219.1
Project("{2150E333-8FDC-42A3-9474-1A3956D46DE8}") = "Frontend", "Frontend", "{02EA681E-C7D8-13C7-8484-4AC65E1B71E8}"
EndProject
Project("{2150E333-8FDC-42A3-9474-1A3956D46DE8}") = "Gateway", "Gateway", "{2A9DF7EC-B9DD-4A33-94D7-A78A5EB10355}"
EndProject
Project("{2150E333-8FDC-42A3-9474-1A3956D46DE8}") = "Integration", "Integration", "{CF30FA92-C950-4484-932E-13C70FE3A91A}"
EndProject
Project("{2150E333-8FDC-42A3-9474-1A3956D46DE8}") = "Service", "Service", "{4578DD51-2523-4494-A664-F49921042B8D}"
EndProject
Project("{FAE04EC0-301F-11D3-BF4B-00C04F79EFBC}") = "Mango.Services.CouponAPI", "Mango.Services.CouponAPI\Mango.Services.CouponAPI.csproj", "{9E1BDD35-499B-41DE-8021-B5DFCB1862E0}"
EndProject
Project("{FAE04EC0-301F-11D3-BF4B-00C04F79EFBC}") = "Mango.Web", "Mango.Web\Mango.Web.csproj", "{91B48A58-3CD8-4831-B057-581233727C8A}"
EndProject
Project("{FAE04EC0-301F-11D3-BF4B-00C04F79EFBC}") = "Mango.Services.AuthAPI", "Mango.Services.AuthAPI\Mango.Services.AuthAPI.csproj", "{9869FDB9-4FB6-4130-A930-C92A18471072}"
EndProject
Global
	GlobalSection(SolutionConfigurationPlatforms) = preSolution
		Debug|Any CPU = Debug|Any CPU
		Release|Any CPU = Release|Any CPU
	EndGlobalSection
	GlobalSection(ProjectConfigurationPlatforms) = postSolution
		{9E1BDD35-499B-41DE-8021-B5DFCB1862E0}.Debug|Any CPU.ActiveCfg = Debug|Any CPU
		{9E1BDD35-499B-41DE-8021-B5DFCB1862E0}.Debug|Any CPU.Build.0 = Debug|Any CPU
		{9E1BDD35-499B-41DE-8021-B5DFCB1862E0}.Release|Any CPU.ActiveCfg = Release|Any CPU
		{9E1BDD35-499B-41DE-8021-B5DFCB1862E0}.Release|Any CPU.Build.0 = Release|Any CPU
		{91B48A58-3CD8-4831-B057-581233727C8A}.Debug|Any CPU.ActiveCfg = Debug|Any CPU
		{91B48A58-3CD8-4831-B057-581233727C8A}.Debug|Any CPU.Build.0 = Debug|Any CPU
		{91B48A58-3CD8-4831-B057-581233727C8A}.Release|Any CPU.ActiveCfg = Release|Any CPU
		{91B48A58-3CD8-4831-B057-581233727C8A}.Release|Any CPU.Build.0 = Release|Any CPU
		{9869FDB9-4FB6-4130-A930-C92A18471072}.Debug|Any CPU.ActiveCfg = Debug|Any CPU
		{9869FDB9-4FB6-4130-A930-C92A18471072}.Debug|Any CPU.Build.0 = Debug|Any CPU
		{9869FDB9-4FB6-4130-A930-C92A18471072}.Release|Any CPU.ActiveCfg = Release|Any CPU
		{9869FDB9-4FB6-4130-A930-C92A18471072}.Release|Any CPU.Build.0 = Release|Any CPU
	EndGlobalSection
	GlobalSection(SolutionProperties) = preSolution
		HideSolutionNode = FALSE
	EndGlobalSection
	GlobalSection(NestedProjects) = preSolution
		{9E1BDD35-499B-41DE-8021-B5DFCB1862E0} = {4578DD51-2523-4494-A664-F49921042B8D}
		{91B48A58-3CD8-4831-B057-581233727C8A} = {02EA681E-C7D8-13C7-8484-4AC65E1B71E8}
		{9869FDB9-4FB6-4130-A930-C92A18471072} = {4578DD51-2523-4494-A664-F49921042B8D}
	EndGlobalSection
	GlobalSection(ExtensibilityGlobals) = postSolution
		SolutionGuid = {580FCE24-164E-47E0-90CB-9624F2AAA3CF}
	EndGlobalSection
EndGlobal
